dependencies:
- name: cert-manager
  repository: https://charts.jetstack.io
  version: v1.10.0
- name: vault
  repository: https://helm.releases.hashicorp.com
  version: 0.22.1
- name: longhorn
  repository: https://charts.longhorn.io
  version: 1.5.1
digest: sha256:4a3cf16d18ca3e551346904deed78f07c53028da058a3265d6434dcc7a3a6b46
generated: "2023-09-16T22:18:19.382929-05:00"
